
Microsoft Visual Studio Solution File, Format Version 12.00
# Visual Studio Version 16
VisualStudioVersion = 16.0.30621.155
MinimumVisualStudioVersion = 10.0.40219.1
Project("{FAE04EC0-301F-11D3-BF4B-00C04F79EFBC}") = "Operaciones", "Operaciones\Operaciones.csproj", "{B7730EC6-6F21-4A9B-9AD3-A3D37167A2E2}"
EndProject
Global
	GlobalSection(SolutionConfigurationPlatforms) = preSolution
		Debug|Any CPU = Debug|Any CPU
		Release|Any CPU = Release|Any CPU
	EndGlobalSection
	GlobalSection(ProjectConfigurationPlatforms) = postSolution
		{B7730EC6-6F21-4A9B-9AD3-A3D37167A2E2}.Debug|Any CPU.ActiveCfg = Debug|Any CPU
		{B7730EC6-6F21-4A9B-9AD3-A3D37167A2E2}.Debug|Any CPU.Build.0 = Debug|Any CPU
		{B7730EC6-6F21-4A9B-9AD3-A3D37167A2E2}.Release|Any CPU.ActiveCfg = Release|Any CPU
		{B7730EC6-6F21-4A9B-9AD3-A3D37167A2E2}.Release|Any CPU.Build.0 = Release|Any CPU
	EndGlobalSection
	GlobalSection(SolutionProperties) = preSolution
		HideSolutionNode = FALSE
	EndGlobalSection
	GlobalSection(ExtensibilityGlobals) = postSolution
		SolutionGuid = {7472B011-6417-4F54-8380-2F0F4A2245BB}
	EndGlobalSection
EndGlobal
